PODS:
  - Alamofire (4.8.2)
  - JCore (2.1.1)
  - JPush (3.2.1):
    - JCore (< 3.0.0, >= 2.0.0)
  - SwiftyJSON (5.0.0)

DEPENDENCIES:
  - Alamofire (~> 4.7)
  - JPush
  - SwiftyJSON

SPEC REPOS:
  https://github.com/cocoapods/specs.git:
    - Alamofire
    - JCore
    - JPush
    - SwiftyJSON

SPEC CHECKSUMS:
  Alamofire: ae5c501addb7afdbb13687d7f2f722c78734c2d3
  JCore: 4072327557f0b83cc22dd4041f2f839740c0077b
  JPush: a1ff8b8ec53fa3419b414946e4db4efa313baeae
  SwiftyJSON: 36413e04c44ee145039d332b4f4e2d3e8d6c4db7

PODFILE CHECKSUM: 53d6fe8f9b547751e0abe3da53149767df4bab41

COCOAPODS: 1.6.2
